
Microsoft Visual Studio Solution File, Format Version 12.00
# Visual Studio Version 16
VisualStudioVersion = 16.0.31402.337
MinimumVisualStudioVersion = 10.0.40219.1
Project("{FAE04EC0-301F-11D3-BF4B-00C04F79EFBC}") = "01.DefineInterfaceIPerson", "01.DefineInterfaceIPerson\01.DefineInterfaceIPerson.csproj", "{36F54998-8E49-4FB2-A3CA-AB25E4A66CE4}"
EndProject
Global
	GlobalSection(SolutionConfigurationPlatforms) = preSolution
		Debug|Any CPU = Debug|Any CPU
		Release|Any CPU = Release|Any CPU
	EndGlobalSection
	GlobalSection(ProjectConfigurationPlatforms) = postSolution
		{36F54998-8E49-4FB2-A3CA-AB25E4A66CE4}.Debug|Any CPU.ActiveCfg = Debug|Any CPU
		{36F54998-8E49-4FB2-A3CA-AB25E4A66CE4}.Debug|Any CPU.Build.0 = Debug|Any CPU
		{36F54998-8E49-4FB2-A3CA-AB25E4A66CE4}.Release|Any CPU.ActiveCfg = Release|Any CPU
		{36F54998-8E49-4FB2-A3CA-AB25E4A66CE4}.Release|Any CPU.Build.0 = Release|Any CPU
	EndGlobalSection
	GlobalSection(SolutionProperties) = preSolution
		HideSolutionNode = FALSE
	EndGlobalSection
	GlobalSection(ExtensibilityGlobals) = postSolution
		SolutionGuid = {30C01235-732E-4381-BBB8-7481C5C659CB}
	EndGlobalSection
EndGlobal
